
Microsoft Visual Studio Solution File, Format Version 12.00
# Visual Studio Version 17
VisualStudioVersion = 17.0.32014.148
MinimumVisualStudioVersion = 10.0.40219.1
Project("{9A19103F-16F7-4668-BE54-9A1E7A4F7556}") = "DRY", "DRY.csproj", "{E297CA20-2073-4A0E-AD10-C0BAE549CE13}"
EndProject
Project("{9A19103F-16F7-4668-BE54-9A1E7A4F7556}") = "WPFUI", "..\WPFUI\WPFUI.csproj", "{20DB66A2-DF0C-4318-8588-7E44EB95EBEC}"
EndProject
Project("{9A19103F-16F7-4668-BE54-9A1E7A4F7556}") = "DRYDemoLibrary", "..\DRYDemoLibrary\DRYDemoLibrary.csproj", "{59A129E1-D611-4892-9F06-F60030EB5C1D}"
EndProject
Project("{FAE04EC0-301F-11D3-BF4B-00C04F79EFBC}") = "DRYDemoLibraryTest", "..\DRYDemoLibraryTest\DRYDemoLibraryTest.csproj", "{08C1F945-9021-46D1-952A-BB69B8083134}"
EndProject
Global
	GlobalSection(SolutionConfigurationPlatforms) = preSolution
		Debug|Any CPU = Debug|Any CPU
		Release|Any CPU = Release|Any CPU
	EndGlobalSection
	GlobalSection(ProjectConfigurationPlatforms) = postSolution
		{E297CA20-2073-4A0E-AD10-C0BAE549CE13}.Debug|Any CPU.ActiveCfg = Debug|Any CPU
		{E297CA20-2073-4A0E-AD10-C0BAE549CE13}.Debug|Any CPU.Build.0 = Debug|Any CPU
		{E297CA20-2073-4A0E-AD10-C0BAE549CE13}.Release|Any CPU.ActiveCfg = Release|Any CPU
		{E297CA20-2073-4A0E-AD10-C0BAE549CE13}.Release|Any CPU.Build.0 = Release|Any CPU
		{20DB66A2-DF0C-4318-8588-7E44EB95EBEC}.Debug|Any CPU.ActiveCfg = Debug|Any CPU
		{20DB66A2-DF0C-4318-8588-7E44EB95EBEC}.Debug|Any CPU.Build.0 = Debug|Any CPU
		{20DB66A2-DF0C-4318-8588-7E44EB95EBEC}.Release|Any CPU.ActiveCfg = Release|Any CPU
		{20DB66A2-DF0C-4318-8588-7E44EB95EBEC}.Release|Any CPU.Build.0 = Release|Any CPU
		{59A129E1-D611-4892-9F06-F60030EB5C1D}.Debug|Any CPU.ActiveCfg = Debug|Any CPU
		{59A129E1-D611-4892-9F06-F60030EB5C1D}.Debug|Any CPU.Build.0 = Debug|Any CPU
		{59A129E1-D611-4892-9F06-F60030EB5C1D}.Release|Any CPU.ActiveCfg = Release|Any CPU
		{59A129E1-D611-4892-9F06-F60030EB5C1D}.Release|Any CPU.Build.0 = Release|Any CPU
		{08C1F945-9021-46D1-952A-BB69B8083134}.Debug|Any CPU.ActiveCfg = Debug|Any CPU
		{08C1F945-9021-46D1-952A-BB69B8083134}.Debug|Any CPU.Build.0 = Debug|Any CPU
		{08C1F945-9021-46D1-952A-BB69B8083134}.Release|Any CPU.ActiveCfg = Release|Any CPU
		{08C1F945-9021-46D1-952A-BB69B8083134}.Release|Any CPU.Build.0 = Release|Any CPU
	EndGlobalSection
	GlobalSection(SolutionProperties) = preSolution
		HideSolutionNode = FALSE
	EndGlobalSection
	GlobalSection(ExtensibilityGlobals) = postSolution
		SolutionGuid = {FDFD5527-098A-4C72-800D-6C77E6A0953F}
	EndGlobalSection
EndGlobal
