
Microsoft Visual Studio Solution File, Format Version 12.00
Project("{FAE04EC0-301F-11D3-BF4B-00C04F79EFBC}") = "parallel_async_factory_method", "parallel_async_factory_method\parallel_async_factory_method.csproj", "{56DF6327-2DED-4D2F-A673-BF63A34F6A8D}"
EndProject
Global
	GlobalSection(SolutionConfigurationPlatforms) = preSolution
		Debug|Any CPU = Debug|Any CPU
		Release|Any CPU = Release|Any CPU
	EndGlobalSection
	GlobalSection(ProjectConfigurationPlatforms) = postSolution
		{56DF6327-2DED-4D2F-A673-BF63A34F6A8D}.Debug|Any CPU.ActiveCfg = Debug|Any CPU
		{56DF6327-2DED-4D2F-A673-BF63A34F6A8D}.Debug|Any CPU.Build.0 = Debug|Any CPU
		{56DF6327-2DED-4D2F-A673-BF63A34F6A8D}.Release|Any CPU.ActiveCfg = Release|Any CPU
		{56DF6327-2DED-4D2F-A673-BF63A34F6A8D}.Release|Any CPU.Build.0 = Release|Any CPU
	EndGlobalSection
EndGlobal
