
Microsoft Visual Studio Solution File, Format Version 12.00
Project("{FAE04EC0-301F-11D3-BF4B-00C04F79EFBC}") = "task_manualResetEventSlim", "task_manualResetEventSlim\task_manualResetEventSlim.csproj", "{762AF166-BCB0-4DFD-945A-91361B265AFA}"
EndProject
Global
	GlobalSection(SolutionConfigurationPlatforms) = preSolution
		Debug|Any CPU = Debug|Any CPU
		Release|Any CPU = Release|Any CPU
	EndGlobalSection
	GlobalSection(ProjectConfigurationPlatforms) = postSolution
		{762AF166-BCB0-4DFD-945A-91361B265AFA}.Debug|Any CPU.ActiveCfg = Debug|Any CPU
		{762AF166-BCB0-4DFD-945A-91361B265AFA}.Debug|Any CPU.Build.0 = Debug|Any CPU
		{762AF166-BCB0-4DFD-945A-91361B265AFA}.Release|Any CPU.ActiveCfg = Release|Any CPU
		{762AF166-BCB0-4DFD-945A-91361B265AFA}.Release|Any CPU.Build.0 = Release|Any CPU
	EndGlobalSection
EndGlobal
