
Microsoft Visual Studio Solution File, Format Version 12.00
Project("{FAE04EC0-301F-11D3-BF4B-00C04F79EFBC}") = "autofac_scenario-without-di", "autofac_scenario-without-di\autofac_scenario-without-di.csproj", "{9287DA5D-F9B0-4E6B-A3A5-C95585079CFA}"
EndProject
Global
	GlobalSection(SolutionConfigurationPlatforms) = preSolution
		Debug|Any CPU = Debug|Any CPU
		Release|Any CPU = Release|Any CPU
	EndGlobalSection
	GlobalSection(ProjectConfigurationPlatforms) = postSolution
		{9287DA5D-F9B0-4E6B-A3A5-C95585079CFA}.Debug|Any CPU.ActiveCfg = Debug|Any CPU
		{9287DA5D-F9B0-4E6B-A3A5-C95585079CFA}.Debug|Any CPU.Build.0 = Debug|Any CPU
		{9287DA5D-F9B0-4E6B-A3A5-C95585079CFA}.Release|Any CPU.ActiveCfg = Release|Any CPU
		{9287DA5D-F9B0-4E6B-A3A5-C95585079CFA}.Release|Any CPU.Build.0 = Release|Any CPU
	EndGlobalSection
EndGlobal
